
Microsoft Visual Studio Solution File, Format Version 12.00
# Visual Studio 2013
VisualStudioVersion = 12.0.21005.1
MinimumVisualStudioVersion = 10.0.40219.1
Project("{FAE04EC0-301F-11D3-BF4B-00C04F79EFBC}") = "DynamicRoutingExample", "DynamicRoutingExample\DynamicRoutingExample.csproj", "{1BC5B427-5A65-484F-98E4-0A28DE07C01D}"
EndProject
Project("{FAE04EC0-301F-11D3-BF4B-00C04F79EFBC}") = "DataAccess", "DataAccess\DataAccess.csproj", "{213A6746-B159-4970-9061-8FE289976948}"
EndProject
Global
	GlobalSection(SolutionConfigurationPlatforms) = preSolution
		Debug|Any CPU = Debug|Any CPU
		Release|Any CPU = Release|Any CPU
	EndGlobalSection
	GlobalSection(ProjectConfigurationPlatforms) = postSolution
		{1BC5B427-5A65-484F-98E4-0A28DE07C01D}.Debug|Any CPU.ActiveCfg = Debug|Any CPU
		{1BC5B427-5A65-484F-98E4-0A28DE07C01D}.Debug|Any CPU.Build.0 = Debug|Any CPU
		{1BC5B427-5A65-484F-98E4-0A28DE07C01D}.Release|Any CPU.ActiveCfg = Release|Any CPU
		{1BC5B427-5A65-484F-98E4-0A28DE07C01D}.Release|Any CPU.Build.0 = Release|Any CPU
		{213A6746-B159-4970-9061-8FE289976948}.Debug|Any CPU.ActiveCfg = Debug|Any CPU
		{213A6746-B159-4970-9061-8FE289976948}.Debug|Any CPU.Build.0 = Debug|Any CPU
		{213A6746-B159-4970-9061-8FE289976948}.Release|Any CPU.ActiveCfg = Release|Any CPU
		{213A6746-B159-4970-9061-8FE289976948}.Release|Any CPU.Build.0 = Release|Any CPU
	EndGlobalSection
	GlobalSection(SolutionProperties) = preSolution
		HideSolutionNode = FALSE
	EndGlobalSection
EndGlobal
